<?xml version="1.0" encoding="utf-8"?>
<Project ToolsVersion="4.0" xmlns="http://schemas.microsoft.com/developer/msbuild/2003">
  <ItemGroup>
    <Filter Include="Source Files">
      <UniqueIdentifier>{4FC737F1-C7A5-4376-A066-2A32D752A2FF}</UniqueIdentifier>
      <Extensions>cpp;c;cc;cxx;c++;cppm;ixx;def;odl;idl;hpj;bat;asm;asmx</Extensions>
    </Filter>
    <Filter Include="Header Files">
      <UniqueIdentifier>{93995380-89BD-4b04-88EB-625FBE52EBFB}</UniqueIdentifier>
      <Extensions>h;hh;hpp;hxx;h++;hm;inl;inc;ipp;xsd</Extensions>
    </Filter>
    <Filter Include="Resource Files">
      <UniqueIdentifier>{67DA6AB6-F800-4c08-8B7A-83BB121AAD01}</UniqueIdentifier>
      <Extensions>rc;ico;cur;bmp;dlg;rc2;rct;bin;rgs;gif;jpg;jpeg;jpe;resx;tiff;tif;png;wav;mfcribbon-ms</Extensions>
    </Filter>
  </ItemGroup>
  <ItemGroup>
    <ClCompile Include="main.cpp">
      <Filter>Source Files</Filter>
    </ClCompile>
    <ClCompile Include="WeightsBiasManager.cpp">
      <Filter>Source Files</Filter>
    </ClCompile>
    <ClCompile Include="DenseLayer.cpp">
      <Filter>Source Files</Filter>
    </ClCompile>
    <ClCompile Include="ActivationReLU.cpp">
      <Filter>Source Files</Filter>
    </ClCompile>
    <ClCompile Include="ActivationSoftmax.cpp">
      <Filter>Source Files</Filter>
    </ClCompile>
    <ClCompile Include="GlobalHelper.cpp">
      <Filter>Source Files</Filter>
    </ClCompile>
    <ClCompile Include="Loss.cpp">
      <Filter>Source Files</Filter>
    </ClCompile>
    <ClCompile Include="CategoricalCrossEntropy_Loss.cpp">
      <Filter>Source Files</Filter>
    </ClCompile>
    <ClCompile Include="SoftmaxLoss.cpp">
      <Filter>Source Files</Filter>
    </ClCompile>
    <ClCompile Include="OptimizerSGD.cpp">
      <Filter>Source Files</Filter>
    </ClCompile>
    <ClCompile Include="Dropout.cpp">
      <Filter>Source Files</Filter>
    </ClCompile>
    <ClCompile Include="ActivationSigmoid.cpp">
      <Filter>Source Files</Filter>
    </ClCompile>
    <ClCompile Include="BinaryCrossEntropyLoss.cpp">
      <Filter>Source Files</Filter>
    </ClCompile>
    <ClCompile Include="MeanSquaredLoss.cpp">
      <Filter>Source Files</Filter>
    </ClCompile>
    <ClCompile Include="MeanAbsoluteError.cpp">
      <Filter>Source Files</Filter>
    </ClCompile>
    <ClCompile Include="ActivationLinear.cpp">
      <Filter>Source Files</Filter>
    </ClCompile>
    <ClCompile Include="RegressionModel.cpp">
      <Filter>Source Files</Filter>
    </ClCompile>
    <ClCompile Include="InputManager.cpp">
      <Filter>Source Files</Filter>
    </ClCompile>
  </ItemGroup>
  <ItemGroup>
    <ClInclude Include="WeightsBiasManager.h">
      <Filter>Header Files</Filter>
    </ClInclude>
    <ClInclude Include="DenseLayer.h">
      <Filter>Header Files</Filter>
    </ClInclude>
    <ClInclude Include="ActivationReLU.h">
      <Filter>Header Files</Filter>
    </ClInclude>
    <ClInclude Include="ActivationSoftmax.h">
      <Filter>Header Files</Filter>
    </ClInclude>
    <ClInclude Include="GlobalHelper.h">
      <Filter>Header Files</Filter>
    </ClInclude>
    <ClInclude Include="Loss.h">
      <Filter>Header Files</Filter>
    </ClInclude>
    <ClInclude Include="CategoricalCrossEntropy_Loss.h">
      <Filter>Header Files</Filter>
    </ClInclude>
    <ClInclude Include="SoftmaxLoss.h">
      <Filter>Header Files</Filter>
    </ClInclude>
    <ClInclude Include="OptimizerSGD.h">
      <Filter>Header Files</Filter>
    </ClInclude>
    <ClInclude Include="Dropout.h">
      <Filter>Header Files</Filter>
    </ClInclude>
    <ClInclude Include="ActivationSigmoid.h">
      <Filter>Header Files</Filter>
    </ClInclude>
    <ClInclude Include="BinaryCrossEntropyLoss.h">
      <Filter>Header Files</Filter>
    </ClInclude>
    <ClInclude Include="MeanSquaredLoss.h">
      <Filter>Header Files</Filter>
    </ClInclude>
    <ClInclude Include="MeanAbsoluteError.h">
      <Filter>Header Files</Filter>
    </ClInclude>
    <ClInclude Include="RegressionModel.h">
      <Filter>Header Files</Filter>
    </ClInclude>
    <ClInclude Include="ActivationLinear.h">
      <Filter>Header Files</Filter>
    </ClInclude>
    <ClInclude Include="InputManager.h">
      <Filter>Header Files</Filter>
    </ClInclude>
  </ItemGroup>
</Project>